{
    "_readme": [
        "This file locks the dependencies of your project to a known state",
        "Read more about it at https://getcomposer.org/doc/01-basic-usage.md#installing-dependencies",
        "This file is @generated automatically"
    ],
    "content-hash": "b89827d6f1c3775025d3a651006b08ee",
    "packages": [
        {
            "name": "curl/curl",
            "version": "1.9.2",
            "source": {
                "type": "git",
                "url": "https://github.com/php-mod/curl.git",
                "reference": "8fa349f9f82f8d892137fe87239a70b0d358d160"
            },
            "dist": {
                "type": "zip",
                "url": "https://api.github.com/repos/php-mod/curl/zipball/8fa349f9f82f8d892137fe87239a70b0d358d160",
                "reference": "8fa349f9f82f8d892137fe87239a70b0d358d160",
                "shasum": ""
            },
            "require": {
                "ext-curl": "*",
                "php": ">=5.3.0"
            },
            "require-dev": {
                "phpunit/phpunit": "3.7.*",
                "squizlabs/php_codesniffer": "~2.1"
            },
            "type": "library",
            "autoload": {
                "psr-0": {
                    "Curl": "src/"
                }
            },
            "notification-url": "https://packagist.org/downloads/",
            "license": [
                "MIT"
            ],
            "authors": [
                {
                    "name": "Hassan Amouhzi",
                    "email": "hassan@anezi.net",
                    "homepage": "http://hassan.amouhzi.com"
                },
                {
                    "name": "php-curl-class",
                    "homepage": "https://github.com/php-curl-class"
                },
                {
                    "name": "user52",
                    "homepage": "https://github.com/user52"
                }
            ],
            "description": "cURL class for PHP",
            "homepage": "https://github.com/php-mod/curl",
            "keywords": [
                "curl",
                "dot"
            ],
            "time": "2018-08-18T15:32:01+00:00"
        },
        {
            "name": "luyadev/luya-headless",
            "version": "1.0.0-rc",
            "source": {
                "type": "git",
                "url": "https://github.com/luyadev/luya-headless.git",
                "reference": "8eebdc810ccd418e945bb7711fc5fda4620be7eb"
            },
            "dist": {
                "type": "zip",
                "url": "https://api.github.com/repos/luyadev/luya-headless/zipball/8eebdc810ccd418e945bb7711fc5fda4620be7eb",
                "reference": "8eebdc810ccd418e945bb7711fc5fda4620be7eb",
                "shasum": ""
            },
            "require": {
                "curl/curl": "^1.0",
                "psr/simple-cache": "^1.0"
            },
            "require-dev": {
                "luyadev/luya-testsuite": "~1.0.0"
            },
            "type": "luya-core",
            "extra": {
                "branch-alias": {
                    "dev-master": "1.0.x-dev"
                }
            },
            "autoload": {
                "psr-4": {
                    "luya\\headless\\": "src/",
                    "luya\\headless\\tests\\": "tests/"
                }
            },
            "notification-url": "https://packagist.org/downloads/",
            "license": [
                "MIT"
            ],
            "authors": [
                {
                    "name": "Basil Suter",
                    "email": "git@nadar.io",
                    "homepage": "https://github.com/nadar"
                }
            ],
            "description": "LUYA headless API client",
            "homepage": "https://luya.io",
            "keywords": [
                "headless",
                "luya",
                "php",
                "yii2"
            ],
            "time": "2018-08-25T10:04:04+00:00"
        },
        {
            "name": "psr/simple-cache",
            "version": "1.0.1",
            "source": {
                "type": "git",
                "url": "https://github.com/php-fig/simple-cache.git",
                "reference": "408d5eafb83c57f6365a3ca330ff23aa4a5fa39b"
            },
            "dist": {
                "type": "zip",
                "url": "https://api.github.com/repos/php-fig/simple-cache/zipball/408d5eafb83c57f6365a3ca330ff23aa4a5fa39b",
                "reference": "408d5eafb83c57f6365a3ca330ff23aa4a5fa39b",
                "shasum": ""
            },
            "require": {
                "php": ">=5.3.0"
            },
            "type": "library",
            "extra": {
                "branch-alias": {
                    "dev-master": "1.0.x-dev"
                }
            },
            "autoload": {
                "psr-4": {
                    "Psr\\SimpleCache\\": "src/"
                }
            },
            "notification-url": "https://packagist.org/downloads/",
            "license": [
                "MIT"
            ],
            "authors": [
                {
                    "name": "PHP-FIG",
                    "homepage": "http://www.php-fig.org/"
                }
            ],
            "description": "Common interfaces for simple caching",
            "keywords": [
                "cache",
                "caching",
                "psr",
                "psr-16",
                "simple-cache"
            ],
            "time": "2017-10-23T01:57:42+00:00"
        }
    ],
    "packages-dev": [],
    "aliases": [],
    "minimum-stability": "stable",
    "stability-flags": {
        "luyadev/luya-headless": 5
    },
    "prefer-stable": false,
    "prefer-lowest": false,
    "platform": [],
    "platform-dev": []
}
